// !$*UTF8*$!
{
	archiveVersion = 1;
	classes = {
	};
	objectVersion = 51;
	objects = {

/* Begin PBXBuildFile section */
		A91278A624CC753900821CB1 /* AppDelegate.swift in Sources */ = {isa = PBXBuildFile; fileRef = A91278A524CC753900821CB1 /* AppDelegate.swift */; };
		A91278A824CC753900821CB1 /* SceneDelegate.swift in Sources */ = {isa = PBXBuildFile; fileRef = A91278A724CC753900821CB1 /* SceneDelegate.swift */; };
		A91278AA24CC753900821CB1 /* ViewController.swift in Sources */ = {isa = PBXBuildFile; fileRef = A91278A924CC753900821CB1 /* ViewController.swift */; };
		A91278AD24CC753900821CB1 /* Main.storyboard in Resources */ = {isa = PBXBuildFile; fileRef = A91278AB24CC753900821CB1 /* Main.storyboard */; };
		A91278AF24CC753E00821CB1 /* Assets.xcassets in Resources */ = {isa = PBXBuildFile; fileRef = A91278AE24CC753E00821CB1 /* Assets.xcassets */; };
		A91278B224CC753E00821CB1 /* LaunchScreen.storyboard in Resources */ = {isa = PBXBuildFile; fileRef = A91278B024CC753E00821CB1 /* LaunchScreen.storyboard */; };
		A9934AF124CC8D1C006FA39A /* GoogleService-Info.plist in Resources */ = {isa = PBXBuildFile; fileRef = A9934AF024CC8D1C006FA39A /* GoogleService-Info.plist */; };
		A9934AF324CC925A006FA39A /* ProfileViewController.swift in Sources */ = {isa = PBXBuildFile; fileRef = A9934AF224CC925A006FA39A /* ProfileViewController.swift */; };
		A9934AF524CC92C0006FA39A /* SettingsViewController.swift in Sources */ = {isa = PBXBuildFile; fileRef = A9934AF424CC92C0006FA39A /* SettingsViewController.swift */; };
		A9934AF724CCC7B4006FA39A /* WorkoutViewController.swift in Sources */ = {isa = PBXBuildFile; fileRef = A9934AF624CCC7B4006FA39A /* WorkoutViewController.swift */; };
		A9934AF924CCCA72006FA39A /* MealsViewController.swift in Sources */ = {isa = PBXBuildFile; fileRef = A9934AF824CCCA72006FA39A /* MealsViewController.swift */; };
		A9934AFB24CDDB4B006FA39A /* UploadViewController.swift in Sources */ = {isa = PBXBuildFile; fileRef = A9934AFA24CDDB4B006FA39A /* UploadViewController.swift */; };
		A9934AFD24CDE61E006FA39A /* FeedViewController.swift in Sources */ = {isa = PBXBuildFile; fileRef = A9934AFC24CDE61E006FA39A /* FeedViewController.swift */; };
		A9934AFF24CDE861006FA39A /* FeedCell.swift in Sources */ = {isa = PBXBuildFile; fileRef = A9934AFE24CDE861006FA39A /* FeedCell.swift */; };
		E126C193712535B0973517A4 /* Pods_HealthyLiving.framework in Frameworks */ = {isa = PBXBuildFile; fileRef = 710437BDF5E38CE689D42D5C /* Pods_HealthyLiving.framework */; };
		E2A3A6A624CCE22500393722 /* QuizViewController.swift in Sources */ = {isa = PBXBuildFile; fileRef = E2A3A6A524CCE22500393722 /* QuizViewController.swift */; };
		E2A3A6A924CCE60F00393722 /* Questions.swift in Sources */ = {isa = PBXBuildFile; fileRef = E2A3A6A824CCE60F00393722 /* Questions.swift */; };
		E2A3A6AC24CD193C00393722 /* HighIntensityViewController.swift in Sources */ = {isa = PBXBuildFile; fileRef = E2A3A6AB24CD193C00393722 /* HighIntensityViewController.swift */; };
		E2A3A6AE24CD194D00393722 /* MidIntensityViewController.swift in Sources */ = {isa = PBXBuildFile; fileRef = E2A3A6AD24CD194D00393722 /* MidIntensityViewController.swift */; };
		E2A3A6B024CD195C00393722 /* LowIntensityViewController.swift in Sources */ = {isa = PBXBuildFile; fileRef = E2A3A6AF24CD195C00393722 /* LowIntensityViewController.swift */; };
		E2EE622E24CD353A00524B38 /* WorkoutData.swift in Sources */ = {isa = PBXBuildFile; fileRef = E2EE622D24CD353A00524B38 /* WorkoutData.swift */; };
		E2EE623024CDAF9A00524B38 /* BreakfastViewController.swift in Sources */ = {isa = PBXBuildFile; fileRef = E2EE622F24CDAF9A00524B38 /* BreakfastViewController.swift */; };
/* End PBXBuildFile section */

/* Begin PBXFileReference section */
		3CCD28E11642436CB185051C /* Pods-HealthyLiving.debug.xcconfig */ = {isa = PBXFileReference; includeInIndex = 1; lastKnownFileType = text.xcconfig; name = "Pods-HealthyLiving.debug.xcconfig"; path = "Target Support Files/Pods-HealthyLiving/Pods-HealthyLiving.debug.xcconfig"; sourceTree = "<group>"; };
		710437BDF5E38CE689D42D5C /* Pods_HealthyLiving.framework */ = {isa = PBXFileReference; explicitFileType = wrapper.framework; includeInIndex = 0; path = Pods_HealthyLiving.framework; sourceTree = BUILT_PRODUCTS_DIR; };
		A91278A224CC753900821CB1 /* HealthyLiving.app */ = {isa = PBXFileReference; explicitFileType = wrapper.application; includeInIndex = 0; path = HealthyLiving.app; sourceTree = BUILT_PRODUCTS_DIR; };
		A91278A524CC753900821CB1 /* AppDelegate.swift */ = {isa = PBXFileReference; lastKnownFileType = sourcecode.swift; path = AppDelegate.swift; sourceTree = "<group>"; };
		A91278A724CC753900821CB1 /* SceneDelegate.swift */ = {isa = PBXFileReference; lastKnownFileType = sourcecode.swift; path = SceneDelegate.swift; sourceTree = "<group>"; };
		A91278A924CC753900821CB1 /* ViewController.swift */ = {isa = PBXFileReference; lastKnownFileType = sourcecode.swift; path = ViewController.swift; sourceTree = "<group>"; };
		A91278AC24CC753900821CB1 /* Base */ = {isa = PBXFileReference; lastKnownFileType = file.storyboard; name = Base; path = Base.lproj/Main.storyboard; sourceTree = "<group>"; };
		A91278AE24CC753E00821CB1 /* Assets.xcassets */ = {isa = PBXFileReference; lastKnownFileType = folder.assetcatalog; path = Assets.xcassets; sourceTree = "<group>"; };
		A91278B124CC753E00821CB1 /* Base */ = {isa = PBXFileReference; lastKnownFileType = file.storyboard; name = Base; path = Base.lproj/LaunchScreen.storyboard; sourceTree = "<group>"; };
		A91278B324CC753E00821CB1 /* Info.plist */ = {isa = PBXFileReference; lastKnownFileType = text.plist.xml; path = Info.plist; sourceTree = "<group>"; };
		A9934AF024CC8D1C006FA39A /* GoogleService-Info.plist */ = {isa = PBXFileReference; fileEncoding = 4; lastKnownFileType = text.plist.xml; path = "GoogleService-Info.plist"; sourceTree = "<group>"; };
		A9934AF224CC925A006FA39A /* ProfileViewController.swift */ = {isa = PBXFileReference; lastKnownFileType = sourcecode.swift; path = ProfileViewController.swift; sourceTree = "<group>"; };
		A9934AF424CC92C0006FA39A /* SettingsViewController.swift */ = {isa = PBXFileReference; lastKnownFileType = sourcecode.swift; path = SettingsViewController.swift; sourceTree = "<group>"; };
		A9934AF624CCC7B4006FA39A /* WorkoutViewController.swift */ = {isa = PBXFileReference; lastKnownFileType = sourcecode.swift; path = WorkoutViewController.swift; sourceTree = "<group>"; };
		A9934AF824CCCA72006FA39A /* MealsViewController.swift */ = {isa = PBXFileReference; lastKnownFileType = sourcecode.swift; path = MealsViewController.swift; sourceTree = "<group>"; };
		A9934AFA24CDDB4B006FA39A /* UploadViewController.swift */ = {isa = PBXFileReference; lastKnownFileType = sourcecode.swift; path = UploadViewController.swift; sourceTree = "<group>"; };
		A9934AFC24CDE61E006FA39A /* FeedViewController.swift */ = {isa = PBXFileReference; lastKnownFileType = sourcecode.swift; path = FeedViewController.swift; sourceTree = "<group>"; };
		A9934AFE24CDE861006FA39A /* FeedCell.swift */ = {isa = PBXFileReference; lastKnownFileType = sourcecode.swift; path = FeedCell.swift; sourceTree = "<group>"; };
		B5E4F5752D7ABDE52CBA7DBE /* Pods-HealthyLiving.release.xcconfig */ = {isa = PBXFileReference; includeInIndex = 1; lastKnownFileType = text.xcconfig; name = "Pods-HealthyLiving.release.xcconfig"; path = "Target Support Files/Pods-HealthyLiving/Pods-HealthyLiving.release.xcconfig"; sourceTree = "<group>"; };
		E2A3A6A524CCE22500393722 /* QuizViewController.swift */ = {isa = PBXFileReference; lastKnownFileType = sourcecode.swift; path = QuizViewController.swift; sourceTree = "<group>"; };
		E2A3A6A824CCE60F00393722 /* Questions.swift */ = {isa = PBXFileReference; lastKnownFileType = sourcecode.swift; path = Questions.swift; sourceTree = "<group>"; };
		E2A3A6AB24CD193C00393722 /* HighIntensityViewController.swift */ = {isa = PBXFileReference; lastKnownFileType = sourcecode.swift; path = HighIntensityViewController.swift; sourceTree = "<group>"; };
		E2A3A6AD24CD194D00393722 /* MidIntensityViewController.swift */ = {isa = PBXFileReference; lastKnownFileType = sourcecode.swift; path = MidIntensityViewController.swift; sourceTree = "<group>"; };
		E2A3A6AF24CD195C00393722 /* LowIntensityViewController.swift */ = {isa = PBXFileReference; lastKnownFileType = sourcecode.swift; path = LowIntensityViewController.swift; sourceTree = "<group>"; };
		E2EE622D24CD353A00524B38 /* WorkoutData.swift */ = {isa = PBXFileReference; lastKnownFileType = sourcecode.swift; path = WorkoutData.swift; sourceTree = "<group>"; };
		E2EE622F24CDAF9A00524B38 /* BreakfastViewController.swift */ = {isa = PBXFileReference; lastKnownFileType = sourcecode.swift; path = BreakfastViewController.swift; sourceTree = "<group>"; };
/* End PBXFileReference section */

/* Begin PBXFrameworksBuildPhase section */
		A912789F24CC753900821CB1 /* Frameworks */ = {
			isa = PBXFrameworksBuildPhase;
			buildActionMask = 2147483647;
			files = (
				E126C193712535B0973517A4 /* Pods_HealthyLiving.framework in Frameworks */,
			);
			runOnlyForDeploymentPostprocessing = 0;
		};
/* End PBXFrameworksBuildPhase section */

/* Begin PBXGroup section */
		A912789924CC753900821CB1 = {
			isa = PBXGroup;
			children = (
				A91278A424CC753900821CB1 /* HealthyLiving */,
				A91278A324CC753900821CB1 /* Products */,
				B3E063D079A669F9EEA4E0B7 /* Pods */,
				AF0720BDC5533BD6826D9C84 /* Frameworks */,
			);
			sourceTree = "<group>";
		};
		A91278A324CC753900821CB1 /* Products */ = {
			isa = PBXGroup;
			children = (
				A91278A224CC753900821CB1 /* HealthyLiving.app */,
			);
			name = Products;
			sourceTree = "<group>";
		};
		A91278A424CC753900821CB1 /* HealthyLiving */ = {
			isa = PBXGroup;
			children = (
				E2A3A6AA24CD191200393722 /* Workout Handling */,
				E2A3A6A724CCE53900393722 /* Quiz Handling */,
				A9934AF224CC925A006FA39A /* ProfileViewController.swift */,
				A91278A524CC753900821CB1 /* AppDelegate.swift */,
				A91278A724CC753900821CB1 /* SceneDelegate.swift */,
				A91278A924CC753900821CB1 /* ViewController.swift */,
				A9934AF824CCCA72006FA39A /* MealsViewController.swift */,
				A9934AFC24CDE61E006FA39A /* FeedViewController.swift */,
				A9934AFA24CDDB4B006FA39A /* UploadViewController.swift */,
				E2EE622F24CDAF9A00524B38 /* BreakfastViewController.swift */,
				A9934AF424CC92C0006FA39A /* SettingsViewController.swift */,
				A9934AFE24CDE861006FA39A /* FeedCell.swift */,
				A91278AB24CC753900821CB1 /* Main.storyboard */,
				A91278AE24CC753E00821CB1 /* Assets.xcassets */,
				A91278B024CC753E00821CB1 /* LaunchScreen.storyboard */,
				A91278B324CC753E00821CB1 /* Info.plist */,
				A9934AF024CC8D1C006FA39A /* GoogleService-Info.plist */,
			);
			path = HealthyLiving;
			sourceTree = "<group>";
		};
		AF0720BDC5533BD6826D9C84 /* Frameworks */ = {
			isa = PBXGroup;
			children = (
				710437BDF5E38CE689D42D5C /* Pods_HealthyLiving.framework */,
			);
			name = Frameworks;
			sourceTree = "<group>";
		};
		B3E063D079A669F9EEA4E0B7 /* Pods */ = {
			isa = PBXGroup;
			children = (
				3CCD28E11642436CB185051C /* Pods-HealthyLiving.debug.xcconfig */,
				B5E4F5752D7ABDE52CBA7DBE /* Pods-HealthyLiving.release.xcconfig */,
			);
			path = Pods;
			sourceTree = "<group>";
		};
		E2A3A6A724CCE53900393722 /* Quiz Handling */ = {
			isa = PBXGroup;
			children = (
				E2A3A6A524CCE22500393722 /* QuizViewController.swift */,
				E2A3A6A824CCE60F00393722 /* Questions.swift */,
			);
			path = "Quiz Handling";
			sourceTree = "<group>";
		};
		E2A3A6AA24CD191200393722 /* Workout Handling */ = {
			isa = PBXGroup;
			children = (
				A9934AF624CCC7B4006FA39A /* WorkoutViewController.swift */,
				E2A3A6AB24CD193C00393722 /* HighIntensityViewController.swift */,
				E2A3A6AD24CD194D00393722 /* MidIntensityViewController.swift */,
				E2A3A6AF24CD195C00393722 /* LowIntensityViewController.swift */,
				E2EE622D24CD353A00524B38 /* WorkoutData.swift */,
			);
			path = "Workout Handling";
			sourceTree = "<group>";
		};
/* End PBXGroup section */

/* Begin PBXNativeTarget section */
		A91278A124CC753900821CB1 /* HealthyLiving */ = {
			isa = PBXNativeTarget;
			buildConfigurationList = A91278B624CC753E00821CB1 /* Build configuration list for PBXNativeTarget "HealthyLiving" */;
			buildPhases = (
				52B1344D300AFF8C42088BA7 /* [CP] Check Pods Manifest.lock */,
				A912789E24CC753900821CB1 /* Sources */,
				A912789F24CC753900821CB1 /* Frameworks */,
				A91278A024CC753900821CB1 /* Resources */,
				ADB7B255F8A6292BE64067A7 /* [CP] Embed Pods Frameworks */,
			);
			buildRules = (
			);
			dependencies = (
			);
			name = HealthyLiving;
			productName = HealthyLiving;
			productReference = A91278A224CC753900821CB1 /* HealthyLiving.app */;
			productType = "com.apple.product-type.application";
		};
/* End PBXNativeTarget section */

/* Begin PBXProject section */
		A912789A24CC753900821CB1 /* Project object */ = {
			isa = PBXProject;
			attributes = {
				KnownAssetTags = (
					toQuiz,
				);
				LastSwiftUpdateCheck = 1150;
				LastUpgradeCheck = 1150;
				ORGANIZATIONNAME = HobbyHacksHackathon;
				TargetAttributes = {
					A91278A124CC753900821CB1 = {
						CreatedOnToolsVersion = 11.5;
					};
				};
			};
			buildConfigurationList = A912789D24CC753900821CB1 /* Build configuration list for PBXProject "HealthyLiving" */;
			compatibilityVersion = "Xcode 9.3";
			developmentRegion = en;
			hasScannedForEncodings = 0;
			knownRegions = (
				en,
				Base,
			);
			mainGroup = A912789924CC753900821CB1;
			productRefGroup = A91278A324CC753900821CB1 /* Products */;
			projectDirPath = "";
			projectRoot = "";
			targets = (
				A91278A124CC753900821CB1 /* HealthyLiving */,
			);
		};
/* End PBXProject section */

/* Begin PBXResourcesBuildPhase section */
		A91278A024CC753900821CB1 /* Resources */ = {
			isa = PBXResourcesBuildPhase;
			buildActionMask = 2147483647;
			files = (
				A91278B224CC753E00821CB1 /* LaunchScreen.storyboard in Resources */,
				A91278AF24CC753E00821CB1 /* Assets.xcassets in Resources */,
				A91278AD24CC753900821CB1 /* Main.storyboard in Resources */,
				A9934AF124CC8D1C006FA39A /* GoogleService-Info.plist in Resources */,
			);
			runOnlyForDeploymentPostprocessing = 0;
		};
/* End PBXResourcesBuildPhase section */

/* Begin PBXShellScriptBuildPhase section */
		52B1344D300AFF8C42088BA7 /* [CP] Check Pods Manifest.lock */ = {
			isa = PBXShellScriptBuildPhase;
			buildActionMask = 2147483647;
			files = (
			);
			inputFileListPaths = (
			);
			inputPaths = (
				"${PODS_PODFILE_DIR_PATH}/Podfile.lock",
				"${PODS_ROOT}/Manifest.lock",
			);
			name = "[CP] Check Pods Manifest.lock";
			outputFileListPaths = (
			);
			outputPaths = (
				"$(DERIVED_FILE_DIR)/Pods-HealthyLiving-checkManifestLockResult.txt",
			);
			runOnlyForDeploymentPostprocessing = 0;
			shellPath = /bin/sh;
			shellScript = "diff \"${PODS_PODFILE_DIR_PATH}/Podfile.lock\" \"${PODS_ROOT}/Manifest.lock\" > /dev/null\nif [ $? != 0 ] ; then\n    # print error to STDERR\n    echo \"error: The sandbox is not in sync with the Podfile.lock. Run 'pod install' or update your CocoaPods installation.\" >&2\n    exit 1\nfi\n# This output is used by Xcode 'outputs' to avoid re-running this script phase.\necho \"SUCCESS\" > \"${SCRIPT_OUTPUT_FILE_0}\"\n";
			showEnvVarsInLog = 0;
		};
		ADB7B255F8A6292BE64067A7 /* [CP] Embed Pods Frameworks */ = {
			isa = PBXShellScriptBuildPhase;
			buildActionMask = 2147483647;
			files = (
			);
			inputFileListPaths = (
				"${PODS_ROOT}/Target Support Files/Pods-HealthyLiving/Pods-HealthyLiving-frameworks-${CONFIGURATION}-input-files.xcfilelist",
			);
			name = "[CP] Embed Pods Frameworks";
			outputFileListPaths = (
				"${PODS_ROOT}/Target Support Files/Pods-HealthyLiving/Pods-HealthyLiving-frameworks-${CONFIGURATION}-output-files.xcfilelist",
			);
			runOnlyForDeploymentPostprocessing = 0;
			shellPath = /bin/sh;
			shellScript = "\"${PODS_ROOT}/Target Support Files/Pods-HealthyLiving/Pods-HealthyLiving-frameworks.sh\"\n";
			showEnvVarsInLog = 0;
		};
/* End PBXShellScriptBuildPhase section */

/* Begin PBXSourcesBuildPhase section */
		A912789E24CC753900821CB1 /* Sources */ = {
			isa = PBXSourcesBuildPhase;
			buildActionMask = 2147483647;
			files = (
				E2A3A6A924CCE60F00393722 /* Questions.swift in Sources */,
				A9934AFB24CDDB4B006FA39A /* UploadViewController.swift in Sources */,
				A9934AFF24CDE861006FA39A /* FeedCell.swift in Sources */,
				A9934AF724CCC7B4006FA39A /* WorkoutViewController.swift in Sources */,
				A91278AA24CC753900821CB1 /* ViewController.swift in Sources */,
				A91278A624CC753900821CB1 /* AppDelegate.swift in Sources */,
				E2A3A6A624CCE22500393722 /* QuizViewController.swift in Sources */,
				A9934AFD24CDE61E006FA39A /* FeedViewController.swift in Sources */,
				A9934AF324CC925A006FA39A /* ProfileViewController.swift in Sources */,
				E2A3A6B024CD195C00393722 /* LowIntensityViewController.swift in Sources */,
				E2A3A6AE24CD194D00393722 /* MidIntensityViewController.swift in Sources */,
				E2A3A6AC24CD193C00393722 /* HighIntensityViewController.swift in Sources */,
				E2EE622E24CD353A00524B38 /* WorkoutData.swift in Sources */,
				E2EE623024CDAF9A00524B38 /* BreakfastViewController.swift in Sources */,
				A9934AF924CCCA72006FA39A /* MealsViewController.swift in Sources */,
				A9934AF524CC92C0006FA39A /* SettingsViewController.swift in Sources */,
				A91278A824CC753900821CB1 /* SceneDelegate.swift in Sources */,
			);
			runOnlyForDeploymentPostprocessing = 0;
		};
/* End PBXSourcesBuildPhase section */

/* Begin PBXVariantGroup section */
		A91278AB24CC753900821CB1 /* Main.storyboard */ = {
			isa = PBXVariantGroup;
			children = (
				A91278AC24CC753900821CB1 /* Base */,
			);
			name = Main.storyboard;
			sourceTree = "<group>";
		};
		A91278B024CC753E00821CB1 /* LaunchScreen.storyboard */ = {
			isa = PBXVariantGroup;
			children = (
				A91278B124CC753E00821CB1 /* Base */,
			);
			name = LaunchScreen.storyboard;
			sourceTree = "<group>";
		};
/* End PBXVariantGroup section */

/* Begin XCBuildConfiguration section */
		A91278B424CC753E00821CB1 /* Debug */ = {
			isa = XCBuildConfiguration;
			buildSettings = {
				ALWAYS_SEARCH_USER_PATHS = NO;
				CLANG_ANALYZER_NONNULL = YES;
				CLANG_ANALYZER_NUMBER_OBJECT_CONVERSION = YES_AGGRESSIVE;
				CLANG_CXX_LANGUAGE_STANDARD = "gnu++14";
				CLANG_CXX_LIBRARY = "libc++";
				CLANG_ENABLE_MODULES = YES;
				CLANG_ENABLE_OBJC_ARC = YES;
				CLANG_ENABLE_OBJC_WEAK = YES;
				CLANG_WARN_BLOCK_CAPTURE_AUTORELEASING = YES;
				CLANG_WARN_BOOL_CONVERSION = YES;
				CLANG_WARN_COMMA = YES;
				CLANG_WARN_CONSTANT_CONVERSION = YES;
				CLANG_WARN_DEPRECATED_OBJC_IMPLEMENTATIONS = YES;
				CLANG_WARN_DIRECT_OBJC_ISA_USAGE = YES_ERROR;
				CLANG_WARN_DOCUMENTATION_COMMENTS = YES;
				CLANG_WARN_EMPTY_BODY = YES;
				CLANG_WARN_ENUM_CONVERSION = YES;
				CLANG_WARN_INFINITE_RECURSION = YES;
				CLANG_WARN_INT_CONVERSION = YES;
				CLANG_WARN_NON_LITERAL_NULL_CONVERSION = YES;
				CLANG_WARN_OBJC_IMPLICIT_RETAIN_SELF = YES;
				CLANG_WARN_OBJC_LITERAL_CONVERSION = YES;
				CLANG_WARN_OBJC_ROOT_CLASS = YES_ERROR;
				CLANG_WARN_RANGE_LOOP_ANALYSIS = YES;
				CLANG_WARN_STRICT_PROTOTYPES = YES;
				CLANG_WARN_SUSPICIOUS_MOVE = YES;
				CLANG_WARN_UNGUARDED_AVAILABILITY = YES_AGGRESSIVE;
				CLANG_WARN_UNREACHABLE_CODE = YES;
				CLANG_WARN__DUPLICATE_METHOD_MATCH = YES;
				COPY_PHASE_STRIP = NO;
				DEBUG_INFORMATION_FORMAT = dwarf;
				ENABLE_STRICT_OBJC_MSGSEND = YES;
				ENABLE_TESTABILITY = YES;
				GCC_C_LANGUAGE_STANDARD = gnu11;
				GCC_DYNAMIC_NO_PIC = NO;
				GCC_NO_COMMON_BLOCKS = YES;
				GCC_OPTIMIZATION_LEVEL = 0;
				GCC_PREPROCESSOR_DEFINITIONS = (
					"DEBUG=1",
					"$(inherited)",
				);
				GCC_WARN_64_TO_32_BIT_CONVERSION = YES;
				GCC_WARN_ABOUT_RETURN_TYPE = YES_ERROR;
				GCC_WARN_UNDECLARED_SELECTOR = YES;
				GCC_WARN_UNINITIALIZED_AUTOS = YES_AGGRESSIVE;
				GCC_WARN_UNUSED_FUNCTION = YES;
				GCC_WARN_UNUSED_VARIABLE = YES;
				IPHONEOS_DEPLOYMENT_TARGET = 13.5;
				MTL_ENABLE_DEBUG_INFO = INCLUDE_SOURCE;
				MTL_FAST_MATH = YES;
				ONLY_ACTIVE_ARCH = YES;
				SDKROOT = iphoneos;
				SWIFT_ACTIVE_COMPILATION_CONDITIONS = DEBUG;
				SWIFT_OPTIMIZATION_LEVEL = "-Onone";
			};
			name = Debug;
		};
		A91278B524CC753E00821CB1 /* Release */ = {
			isa = XCBuildConfiguration;
			buildSettings = {
				ALWAYS_SEARCH_USER_PATHS = NO;
				CLANG_ANALYZER_NONNULL = YES;
				CLANG_ANALYZER_NUMBER_OBJECT_CONVERSION = YES_AGGRESSIVE;
				CLANG_CXX_LANGUAGE_STANDARD = "gnu++14";
				CLANG_CXX_LIBRARY = "libc++";
				CLANG_ENABLE_MODULES = YES;
				CLANG_ENABLE_OBJC_ARC = YES;
				CLANG_ENABLE_OBJC_WEAK = YES;
				CLANG_WARN_BLOCK_CAPTURE_AUTORELEASING = YES;
				CLANG_WARN_BOOL_CONVERSION = YES;
				CLANG_WARN_COMMA = YES;
				CLANG_WARN_CONSTANT_CONVERSION = YES;
				CLANG_WARN_DEPRECATED_OBJC_IMPLEMENTATIONS = YES;
				CLANG_WARN_DIRECT_OBJC_ISA_USAGE = YES_ERROR;
				CLANG_WARN_DOCUMENTATION_COMMENTS = YES;
				CLANG_WARN_EMPTY_BODY = YES;
				CLANG_WARN_ENUM_CONVERSION = YES;
				CLANG_WARN_INFINITE_RECURSION = YES;
				CLANG_WARN_INT_CONVERSION = YES;
				CLANG_WARN_NON_LITERAL_NULL_CONVERSION = YES;
				CLANG_WARN_OBJC_IMPLICIT_RETAIN_SELF = YES;
				CLANG_WARN_OBJC_LITERAL_CONVERSION = YES;
				CLANG_WARN_OBJC_ROOT_CLASS = YES_ERROR;
				CLANG_WARN_RANGE_LOOP_ANALYSIS = YES;
				CLANG_WARN_STRICT_PROTOTYPES = YES;
				CLANG_WARN_SUSPICIOUS_MOVE = YES;
				CLANG_WARN_UNGUARDED_AVAILABILITY = YES_AGGRESSIVE;
				CLANG_WARN_UNREACHABLE_CODE = YES;
				CLANG_WARN__DUPLICATE_METHOD_MATCH = YES;
				COPY_PHASE_STRIP = NO;
				DEBUG_INFORMATION_FORMAT = "dwarf-with-dsym";
				ENABLE_NS_ASSERTIONS = NO;
				ENABLE_STRICT_OBJC_MSGSEND = YES;
				GCC_C_LANGUAGE_STANDARD = gnu11;
				GCC_NO_COMMON_BLOCKS = YES;
				GCC_WARN_64_TO_32_BIT_CONVERSION = YES;
				GCC_WARN_ABOUT_RETURN_TYPE = YES_ERROR;
				GCC_WARN_UNDECLARED_SELECTOR = YES;
				GCC_WARN_UNINITIALIZED_AUTOS = YES_AGGRESSIVE;
				GCC_WARN_UNUSED_FUNCTION = YES;
				GCC_WARN_UNUSED_VARIABLE = YES;
				IPHONEOS_DEPLOYMENT_TARGET = 13.5;
				MTL_ENABLE_DEBUG_INFO = NO;
				MTL_FAST_MATH = YES;
				SDKROOT = iphoneos;
				SWIFT_COMPILATION_MODE = wholemodule;
				SWIFT_OPTIMIZATION_LEVEL = "-O";
				VALIDATE_PRODUCT = YES;
			};
			name = Release;
		};
		A91278B724CC753E00821CB1 /* Debug */ = {
			isa = XCBuildConfiguration;
			baseConfigurationReference = 3CCD28E11642436CB185051C /* Pods-HealthyLiving.debug.xcconfig */;
			buildSettings = {
				ASSETCATALOG_COMPILER_APPICON_NAME = AppIcon;
				CODE_SIGN_STYLE = Automatic;
				DEVELOPMENT_TEAM = 5K4V2HCZCT;
				INFOPLIST_FILE = HealthyLiving/Info.plist;
				LD_RUNPATH_SEARCH_PATHS = (
					"$(inherited)",
					"@executable_path/Frameworks",
				);
				PRODUCT_BUNDLE_IDENTIFIER = HobbyHacksHackathon.HealthyLiving.HealthyLiving;
				PRODUCT_NAME = "$(TARGET_NAME)";
				SWIFT_VERSION = 5.0;
				TARGETED_DEVICE_FAMILY = "1,2";
			};
			name = Debug;
		};
		A91278B824CC753E00821CB1 /* Release */ = {
			isa = XCBuildConfiguration;
			baseConfigurationReference = B5E4F5752D7ABDE52CBA7DBE /* Pods-HealthyLiving.release.xcconfig */;
			buildSettings = {
				ASSETCATALOG_COMPILER_APPICON_NAME = AppIcon;
				CODE_SIGN_STYLE = Automatic;
				DEVELOPMENT_TEAM = 5K4V2HCZCT;
				INFOPLIST_FILE = HealthyLiving/Info.plist;
				LD_RUNPATH_SEARCH_PATHS = (
					"$(inherited)",
					"@executable_path/Frameworks",
				);
				PRODUCT_BUNDLE_IDENTIFIER = HobbyHacksHackathon.HealthyLiving.HealthyLiving;
				PRODUCT_NAME = "$(TARGET_NAME)";
				SWIFT_VERSION = 5.0;
				TARGETED_DEVICE_FAMILY = "1,2";
			};
			name = Release;
		};
/* End XCBuildConfiguration section */

/* Begin XCConfigurationList section */
		A912789D24CC753900821CB1 /* Build configuration list for PBXProject "HealthyLiving" */ = {
			isa = XCConfigurationList;
			buildConfigurations = (
				A91278B424CC753E00821CB1 /* Debug */,
				A91278B524CC753E00821CB1 /* Release */,
			);
			defaultConfigurationIsVisible = 0;
			defaultConfigurationName = Release;
		};
		A91278B624CC753E00821CB1 /* Build configuration list for PBXNativeTarget "HealthyLiving" */ = {
			isa = XCConfigurationList;
			buildConfigurations = (
				A91278B724CC753E00821CB1 /* Debug */,
				A91278B824CC753E00821CB1 /* Release */,
			);
			defaultConfigurationIsVisible = 0;
			defaultConfigurationName = Release;
		};
/* End XCConfigurationList section */
	};
	rootObject = A912789A24CC753900821CB1 /* Project object */;
}
